
Microsoft Visual Studio Solution File, Format Version 12.00
# Visual Studio Version 17
VisualStudioVersion = 17.5.33627.172
MinimumVisualStudioVersion = 10.0.40219.1
Project("{9A19103F-16F7-4668-BE54-9A1E7A4F7556}") = "HeartsServer", "HeartsServer.csproj", "{CF1D05FC-C8E5-40A2-BC4C-F535F701E7A1}"
EndProject
Project("{9A19103F-16F7-4668-BE54-9A1E7A4F7556}") = "HeartsServer.GameLogic.Tests", "..\HeartsServer.GameLogic.Tests\HeartsServer.GameLogic.Tests.csproj", "{3C9B0360-8070-4F03-A409-50EEB3BCCBBD}"
EndProject
Global
	GlobalSection(SolutionConfigurationPlatforms) = preSolution
		Debug|Any CPU = Debug|Any CPU
		Release|Any CPU = Release|Any CPU
	EndGlobalSection
	GlobalSection(ProjectConfigurationPlatforms) = postSolution
		{CF1D05FC-C8E5-40A2-BC4C-F535F701E7A1}.Debug|Any CPU.ActiveCfg = Debug|Any CPU
		{CF1D05FC-C8E5-40A2-BC4C-F535F701E7A1}.Debug|Any CPU.Build.0 = Debug|Any CPU
		{CF1D05FC-C8E5-40A2-BC4C-F535F701E7A1}.Release|Any CPU.ActiveCfg = Release|Any CPU
		{CF1D05FC-C8E5-40A2-BC4C-F535F701E7A1}.Release|Any CPU.Build.0 = Release|Any CPU
		{3C9B0360-8070-4F03-A409-50EEB3BCCBBD}.Debug|Any CPU.ActiveCfg = Debug|Any CPU
		{3C9B0360-8070-4F03-A409-50EEB3BCCBBD}.Debug|Any CPU.Build.0 = Debug|Any CPU
		{3C9B0360-8070-4F03-A409-50EEB3BCCBBD}.Release|Any CPU.ActiveCfg = Release|Any CPU
		{3C9B0360-8070-4F03-A409-50EEB3BCCBBD}.Release|Any CPU.Build.0 = Release|Any CPU
	EndGlobalSection
	GlobalSection(SolutionProperties) = preSolution
		HideSolutionNode = FALSE
	EndGlobalSection
	GlobalSection(ExtensibilityGlobals) = postSolution
		SolutionGuid = {28129EF8-2EE5-4802-800A-D15666BEBB52}
	EndGlobalSection
EndGlobal
